{
  "name": "@wyldcard/simple-demo",
  "version": "1.0.0",
  "lockfileVersion": 3,
  "requires": true,
  "packages": {
    "": {
      "name": "@wyldcard/simple-demo",
      "version": "1.0.0",
      "license": "AGPL-3.0-or-later",
      "dependencies": {
        "@wyldcard/drivers": "1.0.0"
      }
    },
    "node_modules/@wyldcard/drivers": {
      "version": "1.0.0",
      "resolved": "https://registry.npmjs.org/@wyldcard/drivers/-/drivers-1.0.0.tgz",
      "integrity": "sha512-SXsCq/2IhpBWQU/D8e/hlA+fwbNfxN2ffihukTepQNLkOfxI8J3IeDRXA9UZe1gRhMpBUOaB/ViXOlgoLeLVrQ==",
      "dependencies": {
        "lodash": "^4.17.21",
        "pngparse": "^2.0.1"
      },
      "engines": {
        "node": ">= 10"
      },
      "optionalDependencies": {
        "@wyldcard/drivers-linux-arm-gnueabihf": "1.0.0"
      }
    },
    "node_modules/@wyldcard/drivers-linux-arm-gnueabihf": {
      "version": "1.0.0",
      "resolved": "https://registry.npmjs.org/@wyldcard/drivers-linux-arm-gnueabihf/-/drivers-linux-arm-gnueabihf-1.0.0.tgz",
      "integrity": "sha512-uf96ZHskXEWvz/qj8nXQPZLF2xvCyINvRNs4WV1EEcRpjM/TYicot7zYZloIcZlajruGV01HAMGCfCzsZy5WCg==",
      "cpu": [
        "arm"
      ],
      "optional": true,
      "os": [
        "linux"
      ],
      "engines": {
        "node": ">= 10"
      }
    },
    "node_modules/lodash": {
      "version": "4.17.21",
      "resolved": "https://registry.npmjs.org/lodash/-/lodash-4.17.21.tgz",
      "integrity": "sha512-v2kDEe57lecTulaDIuNTPy3Ry4gLGJ6Z1O3vE1krgXZNrsQ+LFTGHVxVjcXPs17LhbZVGedAJv8XZ1tvj5FvSg==",
      "license": "MIT"
    },
    "node_modules/pngparse": {
      "version": "2.0.1",
      "resolved": "https://registry.npmjs.org/pngparse/-/pngparse-2.0.1.tgz",
      "integrity": "sha512-RyB1P0BBwt3CNIZ5wT53lR1dT3CUtopnMOuP8xZdHjPhI/uXNNRnkx1yQb/3MMMyyMeo6p19fiIRHcLopWIkxA=="
    }
  }
}
