# THIS IS AN AUTOGENERATED FILE. DO NOT EDIT THIS FILE DIRECTLY.
# yarn lockfile v1


"@wyldcard/drivers-linux-arm-gnueabihf@0.0.5":
  version "0.0.5"
  resolved "https://registry.yarnpkg.com/@wyldcard/drivers-linux-arm-gnueabihf/-/drivers-linux-arm-gnueabihf-0.0.5.tgz#bd0f095eeefd2fcadd08b8eedb4f36848b52b73b"
  integrity sha512-rFns1i/H3dwqgYI7rlEAASaMK1MwxmuhZHbhdT0cwX5g4Rj5DfFVXqFStP1H4qIlT3ynX5K1fjuQavLWGGVovg==

"@wyldcard/drivers@^0.0.5":
  version "0.0.5"
  resolved "https://registry.yarnpkg.com/@wyldcard/drivers/-/drivers-0.0.5.tgz#e484ed3d01e22d8f606421c47247c618f9f7a53e"
  integrity sha512-s/Pwg3f7z2CJc5osmX86IBVh1batoqneu77hhzPuQOZimJ1gDChJeYAIHVGwk60+I2d9KyFGb0zX5QHv8RBObw==
  optionalDependencies:
    "@wyldcard/drivers-linux-arm-gnueabihf" "0.0.5"
