# THIS IS AN AUTOGENERATED FILE. DO NOT EDIT THIS FILE DIRECTLY.
# yarn lockfile v1


"@wyldcard/drivers-linux-arm-gnueabihf@0.0.10":
  version "0.0.10"
  resolved "https://registry.yarnpkg.com/@wyldcard/drivers-linux-arm-gnueabihf/-/drivers-linux-arm-gnueabihf-0.0.10.tgz#69f8cc59398bfe4a90e016a8e7c9f6dd6022084d"
  integrity sha512-xA/YoH94vAsoSvjuqve0VHdgPo0SX0fCY2+gRYpEJ7DTb7MzTImp53cRBtbsAxT6z4rfFPppiDPqIxj+d2GGEA==

"@wyldcard/drivers@^0.0.10":
  version "0.0.10"
  resolved "https://registry.yarnpkg.com/@wyldcard/drivers/-/drivers-0.0.10.tgz#4c07e58c83c172dfe24a346b23338462139c6dcf"
  integrity sha512-yjabvXa87CPIe0zKRQhmXDiCb5gd/4mUkSb4BGDaJR9ICsweKIItiQi1wv/FddPtzlEAXGyHUGCG7/U0Uiexfg==
  optionalDependencies:
    "@wyldcard/drivers-linux-arm-gnueabihf" "0.0.10"
