{
  "name": "@wyldcard/tarot",
  "version": "1.0.0",
  "lockfileVersion": 3,
  "requires": true,
  "packages": {
    "": {
      "name": "@wyldcard/tarot",
      "version": "1.0.0",
      "license": "AGPL-3.0-or-later",
      "dependencies": {
        "@wyldcard/drivers": "^0.0.10"
      }
    },
    "node_modules/@wyldcard/drivers": {
      "version": "0.0.10",
      "resolved": "https://registry.npmjs.org/@wyldcard/drivers/-/drivers-0.0.10.tgz",
      "integrity": "sha512-yjabvXa87CPIe0zKRQhmXDiCb5gd/4mUkSb4BGDaJR9ICsweKIItiQi1wv/FddPtzlEAXGyHUGCG7/U0Uiexfg==",
      "license": "AGPL-3.0-or-later",
      "engines": {
        "node": ">= 10"
      },
      "optionalDependencies": {
        "@wyldcard/drivers-linux-arm-gnueabihf": "0.0.10"
      }
    },
    "node_modules/@wyldcard/drivers-linux-arm-gnueabihf": {
      "version": "0.0.10",
      "resolved": "https://registry.npmjs.org/@wyldcard/drivers-linux-arm-gnueabihf/-/drivers-linux-arm-gnueabihf-0.0.10.tgz",
      "integrity": "sha512-xA/YoH94vAsoSvjuqve0VHdgPo0SX0fCY2+gRYpEJ7DTb7MzTImp53cRBtbsAxT6z4rfFPppiDPqIxj+d2GGEA==",
      "cpu": [
        "arm"
      ],
      "license": "MIT",
      "optional": true,
      "os": [
        "linux"
      ],
      "engines": {
        "node": ">= 10"
      }
    }
  }
}
