# THIS IS AN AUTOGENERATED FILE. DO NOT EDIT THIS FILE DIRECTLY.
# yarn lockfile v1


"@wyldcard/drivers-linux-arm-gnueabihf@0.0.14":
  version "0.0.14"
  resolved "https://registry.npmjs.org/@wyldcard/drivers-linux-arm-gnueabihf/-/drivers-linux-arm-gnueabihf-0.0.14.tgz"
  integrity sha512-Scgo9oiCqdu5JiDfurHDHH+Bju0lgHUxcpc4xXwYYSXClCDDsfS6bNNoG75p0V7xn3Gwk6dbXqf2r/HYpXeWZA==

"@wyldcard/drivers@^0.0.14":
  version "0.0.14"
  resolved "https://registry.npmjs.org/@wyldcard/drivers/-/drivers-0.0.14.tgz"
  integrity sha512-1Yjw+aC7TGRaC0xKIArwD8u4HAoehr7S6nRuX18cOjDrXM0qckbNFqOJEnYyAngEoD4MMjC6w1QKhC5WxRDcNg==
  dependencies:
    lodash "^4.17.21"
    pngparse "^2.0.1"
  optionalDependencies:
    "@wyldcard/drivers-linux-arm-gnueabihf" "0.0.14"

array-parallel@~0.1.3:
  version "0.1.3"
  resolved "https://registry.npmjs.org/array-parallel/-/array-parallel-0.1.3.tgz"
  integrity sha512-TDPTwSWW5E4oiFiKmz6RGJ/a80Y91GuLgUYuLd49+XBS75tYo8PNgaT2K/OxuQYqkoI852MDGBorg9OcUSTQ8w==

array-series@~0.1.5:
  version "0.1.5"
  resolved "https://registry.npmjs.org/array-series/-/array-series-0.1.5.tgz"
  integrity sha512-L0XlBwfx9QetHOsbLDrE/vh2t018w9462HM3iaFfxRiK83aJjAt/Ja3NMkOW7FICwWTlQBa3ZbL5FKhuQWkDrg==

cross-spawn@^4.0.0:
  version "4.0.2"
  resolved "https://registry.npmjs.org/cross-spawn/-/cross-spawn-4.0.2.tgz"
  integrity sha512-yAXz/pA1tD8Gtg2S98Ekf/sewp3Lcp3YoFKJ4Hkp5h5yLWnKVTDU0kwjKJ8NDCYcfTLfyGkzTikst+jWypT1iA==
  dependencies:
    lru-cache "^4.0.1"
    which "^1.2.9"

debug@^3.1.0:
  version "3.2.7"
  resolved "https://registry.npmjs.org/debug/-/debug-3.2.7.tgz"
  integrity sha512-CFjzYYAi4ThfiQvizrFQevTTXHtnCqWfe7x1AhgEscTz6ZbLbfoLRLPugTQyBth6f8ZERVUSyWHFD/7Wu4t1XQ==
  dependencies:
    ms "^2.1.1"

gm@^1.25.0:
  version "1.25.0"
  resolved "https://registry.npmjs.org/gm/-/gm-1.25.0.tgz"
  integrity sha512-4kKdWXTtgQ4biIo7hZA396HT062nDVVHPjQcurNZ3o/voYN+o5FUC5kOwuORbpExp3XbTJ3SU7iRipiIhQtovw==
  dependencies:
    array-parallel "~0.1.3"
    array-series "~0.1.5"
    cross-spawn "^4.0.0"
    debug "^3.1.0"

isexe@^2.0.0:
  version "2.0.0"
  resolved "https://registry.npmjs.org/isexe/-/isexe-2.0.0.tgz"
  integrity sha512-RHxMLp9lnKHGHRng9QFhRCMbYAcVpn69smSGcq3f36xjgVVWThj4qqLbTLlq7Ssj8B+fIQ1EuCEGI2lKsyQeIw==

lodash@^4.17.21:
  version "4.17.21"
  resolved "https://registry.npmjs.org/lodash/-/lodash-4.17.21.tgz"
  integrity sha512-v2kDEe57lecTulaDIuNTPy3Ry4gLGJ6Z1O3vE1krgXZNrsQ+LFTGHVxVjcXPs17LhbZVGedAJv8XZ1tvj5FvSg==

lru-cache@^4.0.1:
  version "4.1.5"
  resolved "https://registry.npmjs.org/lru-cache/-/lru-cache-4.1.5.tgz"
  integrity sha512-sWZlbEP2OsHNkXrMl5GYk/jKk70MBng6UU4YI/qGDYbgf6YbP4EvmqISbXCoJiRKs+1bSpFHVgQxvJ17F2li5g==
  dependencies:
    pseudomap "^1.0.2"
    yallist "^2.1.2"

ms@^2.1.1:
  version "2.1.3"
  resolved "https://registry.npmjs.org/ms/-/ms-2.1.3.tgz"
  integrity sha512-6FlzubTLZG3J2a/NVCAleEhjzq5oxgHyaCU9yYXvcLsvoVaHJq/s5xXI6/XXP6tz7R9xAOtHnSO/tXtF3WRTlA==

pngparse@^2.0.1:
  version "2.0.1"
  resolved "https://registry.npmjs.org/pngparse/-/pngparse-2.0.1.tgz"
  integrity sha512-RyB1P0BBwt3CNIZ5wT53lR1dT3CUtopnMOuP8xZdHjPhI/uXNNRnkx1yQb/3MMMyyMeo6p19fiIRHcLopWIkxA==

pseudomap@^1.0.2:
  version "1.0.2"
  resolved "https://registry.npmjs.org/pseudomap/-/pseudomap-1.0.2.tgz"
  integrity sha512-b/YwNhb8lk1Zz2+bXXpS/LK9OisiZZ1SNsSLxN1x2OXVEhW2Ckr/7mWE5vrC1ZTiJlD9g19jWszTmJsB+oEpFQ==

which@^1.2.9:
  version "1.3.1"
  resolved "https://registry.npmjs.org/which/-/which-1.3.1.tgz"
  integrity sha512-HxJdYWq1MTIQbJ3nw0cqssHoTNU267KlrDuGZ1WYlxDStUtKUhOaJmh112/TZmHxxUfuJqPXSOm7tDyas0OSIQ==
  dependencies:
    isexe "^2.0.0"

yallist@^2.1.2:
  version "2.1.2"
  resolved "https://registry.npmjs.org/yallist/-/yallist-2.1.2.tgz"
  integrity sha512-ncTzHV7NvsQZkYe1DW7cbDLm0YpzHmZF5r/iyP3ZnQtMiJ+pjzisCiMNI+Sj+xQF5pXhSHxSB3uDbsBTzY/c2A==
